
Microsoft Visual Studio Solution File, Format Version 12.00
# Visual Studio Version 17
VisualStudioVersion = 17.2.32526.322
MinimumVisualStudioVersion = 10.0.40219.1
Project("{FAE04EC0-301F-11D3-BF4B-00C04F79EFBC}") = "user_managment", "user_managment\user_managment.csproj", "{05CDB929-BF8C-47AB-8A29-8D48FEF294B1}"
EndProject
Global
	GlobalSection(SolutionConfigurationPlatforms) = preSolution
		Debug|Any CPU = Debug|Any CPU
		Release|Any CPU = Release|Any CPU
	EndGlobalSection
	GlobalSection(ProjectConfigurationPlatforms) = postSolution
		{05CDB929-BF8C-47AB-8A29-8D48FEF294B1}.Debug|Any CPU.ActiveCfg = Debug|Any CPU
		{05CDB929-BF8C-47AB-8A29-8D48FEF294B1}.Debug|Any CPU.Build.0 = Debug|Any CPU
		{05CDB929-BF8C-47AB-8A29-8D48FEF294B1}.Release|Any CPU.ActiveCfg = Release|Any CPU
		{05CDB929-BF8C-47AB-8A29-8D48FEF294B1}.Release|Any CPU.Build.0 = Release|Any CPU
	EndGlobalSection
	GlobalSection(SolutionProperties) = preSolution
		HideSolutionNode = FALSE
	EndGlobalSection
	GlobalSection(ExtensibilityGlobals) = postSolution
		SolutionGuid = {3511F4E6-E089-4664-B8B9-67E4E5641180}
	EndGlobalSection
EndGlobal
